{
    "requires": true,
    "lockfileVersion": 1,
    "dependencies": {
        "mobx": {
            "version": "6.0.1",
            "resolved": "https://registry.npmjs.org/mobx/-/mobx-6.0.1.tgz",
            "integrity": "sha512-Pk6uJXZ34yqd661yRmS6z/9avm4FOGXpFpVjnEfiYYOsZXnAxv1fpYjxTCEZ9tuwk0Xe1qnUUlgm+rJtGe0YJA=="
        },
        "mobx-react": {
            "version": "7.0.0",
            "resolved": "https://registry.npmjs.org/mobx-react/-/mobx-react-7.0.0.tgz",
            "integrity": "sha512-yxbTG+ovn/GbgF3+QdQahkL5sXiITtwvkoXM6PNqd0V4jvO53cnr/YM4PYuA+0Ig95IW1nojA3qViJx9ufJm6w==",
            "requires": {
                "mobx-react-lite": "^3.0.0"
            }
        },
        "mobx-react-lite": {
            "version": "3.0.0",
            "resolved": "https://registry.npmjs.org/mobx-react-lite/-/mobx-react-lite-3.0.0.tgz",
            "integrity": "sha512-SJgrTD9mfClFOsamB+0y6zjteSMr4gkp9usnpIeEi8E+lW3lMgDa3hnD4PJgLGoENpJ8/9OmO3vrkA50SNy0mw=="
        }
    }
}
